
Microsoft Visual Studio Solution File, Format Version 12.00
# Visual Studio 15
VisualStudioVersion = 15.0.27703.2000
MinimumVisualStudioVersion = 10.0.40219.1
Project("{FAE04EC0-301F-11D3-BF4B-00C04F79EFBC}") = "Architectures", "Architectures\Architectures.csproj", "{65DBA1C9-DB1B-4F23-9E1E-CDF91B0B05E2}"
EndProject
Project("{FAE04EC0-301F-11D3-BF4B-00C04F79EFBC}") = "Singleton", "Singleton\Singleton.csproj", "{9A1DC324-E0F4-464E-B892-9C82CFA30244}"
EndProject
Project("{2150E333-8FDC-42A3-9474-1A3956D46DE8}") = "Factory", "Factory", "{D44D8DB8-8C2E-4E63-B971-1224831E755B}"
EndProject
Project("{FAE04EC0-301F-11D3-BF4B-00C04F79EFBC}") = "Pls.Factory.Factory", "Factory\Pls.Factory.Factory\Pls.Factory.Factory.csproj", "{C509DC78-9FAB-401D-958B-79D0ADD525BA}"
EndProject
Project("{FAE04EC0-301F-11D3-BF4B-00C04F79EFBC}") = "Pls.Factory.Contract", "Factory\Pls.Factory.Contract\Pls.Factory.Contract.csproj", "{962C05F6-7C8E-4878-BC6E-D0C63A5F9FE4}"
EndProject
Project("{FAE04EC0-301F-11D3-BF4B-00C04F79EFBC}") = "Pls.Factory.Implementation", "Factory\Pls.Factory.Implementation\Pls.Factory.Implementation.csproj", "{1283908F-8915-462F-9B33-E17FE20B59C4}"
EndProject
Project("{2150E333-8FDC-42A3-9474-1A3956D46DE8}") = "Prototype", "Prototype", "{24D122B3-799B-40E6-8C32-890CCA32683B}"
EndProject
Project("{FAE04EC0-301F-11D3-BF4B-00C04F79EFBC}") = "Pls.Prototype.Demo", "Prototype\Pls.Prototype.Demo\Pls.Prototype.Demo.csproj", "{810F8E5F-B0AB-4A1C-8CA4-AA01E7EEB4E1}"
EndProject
Project("{FAE04EC0-301F-11D3-BF4B-00C04F79EFBC}") = "Pls.Factory.Demo", "Factory\Pls.Factory.Demo\Pls.Factory.Demo.csproj", "{E8C1C256-936B-4267-8415-73225C9F692B}"
EndProject
Project("{FAE04EC0-301F-11D3-BF4B-00C04F79EFBC}") = "Pls.Prototype.Contract", "Prototype\Pls.Prototype.Contract\Pls.Prototype.Contract.csproj", "{A293E4A0-3E95-42DC-BF5A-246AA9D6CDD7}"
EndProject
Project("{FAE04EC0-301F-11D3-BF4B-00C04F79EFBC}") = "Pls.Prototype.Factory", "Prototype\Pls.Prototype.Factory\Pls.Prototype.Factory.csproj", "{BD71B355-A348-43D4-97A0-9514DAEFA0C3}"
EndProject
Project("{FAE04EC0-301F-11D3-BF4B-00C04F79EFBC}") = "Pls.Prototype.Implementation", "Prototype\Pls.Prototype.Implementation\Pls.Prototype.Implementation.csproj", "{83F5263D-A089-434C-BB5B-7002116D2E63}"
EndProject
Global
	GlobalSection(SolutionConfigurationPlatforms) = preSolution
		Debug|Any CPU = Debug|Any CPU
		Release|Any CPU = Release|Any CPU
	EndGlobalSection
	GlobalSection(ProjectConfigurationPlatforms) = postSolution
		{65DBA1C9-DB1B-4F23-9E1E-CDF91B0B05E2}.Debug|Any CPU.ActiveCfg = Debug|Any CPU
		{65DBA1C9-DB1B-4F23-9E1E-CDF91B0B05E2}.Debug|Any CPU.Build.0 = Debug|Any CPU
		{65DBA1C9-DB1B-4F23-9E1E-CDF91B0B05E2}.Release|Any CPU.ActiveCfg = Release|Any CPU
		{65DBA1C9-DB1B-4F23-9E1E-CDF91B0B05E2}.Release|Any CPU.Build.0 = Release|Any CPU
		{9A1DC324-E0F4-464E-B892-9C82CFA30244}.Debug|Any CPU.ActiveCfg = Debug|Any CPU
		{9A1DC324-E0F4-464E-B892-9C82CFA30244}.Debug|Any CPU.Build.0 = Debug|Any CPU
		{9A1DC324-E0F4-464E-B892-9C82CFA30244}.Release|Any CPU.ActiveCfg = Release|Any CPU
		{9A1DC324-E0F4-464E-B892-9C82CFA30244}.Release|Any CPU.Build.0 = Release|Any CPU
		{C509DC78-9FAB-401D-958B-79D0ADD525BA}.Debug|Any CPU.ActiveCfg = Debug|Any CPU
		{C509DC78-9FAB-401D-958B-79D0ADD525BA}.Debug|Any CPU.Build.0 = Debug|Any CPU
		{C509DC78-9FAB-401D-958B-79D0ADD525BA}.Release|Any CPU.ActiveCfg = Release|Any CPU
		{C509DC78-9FAB-401D-958B-79D0ADD525BA}.Release|Any CPU.Build.0 = Release|Any CPU
		{962C05F6-7C8E-4878-BC6E-D0C63A5F9FE4}.Debug|Any CPU.ActiveCfg = Debug|Any CPU
		{962C05F6-7C8E-4878-BC6E-D0C63A5F9FE4}.Debug|Any CPU.Build.0 = Debug|Any CPU
		{962C05F6-7C8E-4878-BC6E-D0C63A5F9FE4}.Release|Any CPU.ActiveCfg = Release|Any CPU
		{962C05F6-7C8E-4878-BC6E-D0C63A5F9FE4}.Release|Any CPU.Build.0 = Release|Any CPU
		{1283908F-8915-462F-9B33-E17FE20B59C4}.Debug|Any CPU.ActiveCfg = Debug|Any CPU
		{1283908F-8915-462F-9B33-E17FE20B59C4}.Debug|Any CPU.Build.0 = Debug|Any CPU
		{1283908F-8915-462F-9B33-E17FE20B59C4}.Release|Any CPU.ActiveCfg = Release|Any CPU
		{1283908F-8915-462F-9B33-E17FE20B59C4}.Release|Any CPU.Build.0 = Release|Any CPU
		{810F8E5F-B0AB-4A1C-8CA4-AA01E7EEB4E1}.Debug|Any CPU.ActiveCfg = Debug|Any CPU
		{810F8E5F-B0AB-4A1C-8CA4-AA01E7EEB4E1}.Debug|Any CPU.Build.0 = Debug|Any CPU
		{810F8E5F-B0AB-4A1C-8CA4-AA01E7EEB4E1}.Release|Any CPU.ActiveCfg = Release|Any CPU
		{810F8E5F-B0AB-4A1C-8CA4-AA01E7EEB4E1}.Release|Any CPU.Build.0 = Release|Any CPU
		{E8C1C256-936B-4267-8415-73225C9F692B}.Debug|Any CPU.ActiveCfg = Debug|Any CPU
		{E8C1C256-936B-4267-8415-73225C9F692B}.Debug|Any CPU.Build.0 = Debug|Any CPU
		{E8C1C256-936B-4267-8415-73225C9F692B}.Release|Any CPU.ActiveCfg = Release|Any CPU
		{E8C1C256-936B-4267-8415-73225C9F692B}.Release|Any CPU.Build.0 = Release|Any CPU
		{A293E4A0-3E95-42DC-BF5A-246AA9D6CDD7}.Debug|Any CPU.ActiveCfg = Debug|Any CPU
		{A293E4A0-3E95-42DC-BF5A-246AA9D6CDD7}.Debug|Any CPU.Build.0 = Debug|Any CPU
		{A293E4A0-3E95-42DC-BF5A-246AA9D6CDD7}.Release|Any CPU.ActiveCfg = Release|Any CPU
		{A293E4A0-3E95-42DC-BF5A-246AA9D6CDD7}.Release|Any CPU.Build.0 = Release|Any CPU
		{BD71B355-A348-43D4-97A0-9514DAEFA0C3}.Debug|Any CPU.ActiveCfg = Debug|Any CPU
		{BD71B355-A348-43D4-97A0-9514DAEFA0C3}.Debug|Any CPU.Build.0 = Debug|Any CPU
		{BD71B355-A348-43D4-97A0-9514DAEFA0C3}.Release|Any CPU.ActiveCfg = Release|Any CPU
		{BD71B355-A348-43D4-97A0-9514DAEFA0C3}.Release|Any CPU.Build.0 = Release|Any CPU
		{83F5263D-A089-434C-BB5B-7002116D2E63}.Debug|Any CPU.ActiveCfg = Debug|Any CPU
		{83F5263D-A089-434C-BB5B-7002116D2E63}.Debug|Any CPU.Build.0 = Debug|Any CPU
		{83F5263D-A089-434C-BB5B-7002116D2E63}.Release|Any CPU.ActiveCfg = Release|Any CPU
		{83F5263D-A089-434C-BB5B-7002116D2E63}.Release|Any CPU.Build.0 = Release|Any CPU
	EndGlobalSection
	GlobalSection(SolutionProperties) = preSolution
		HideSolutionNode = FALSE
	EndGlobalSection
	GlobalSection(NestedProjects) = preSolution
		{C509DC78-9FAB-401D-958B-79D0ADD525BA} = {D44D8DB8-8C2E-4E63-B971-1224831E755B}
		{962C05F6-7C8E-4878-BC6E-D0C63A5F9FE4} = {D44D8DB8-8C2E-4E63-B971-1224831E755B}
		{1283908F-8915-462F-9B33-E17FE20B59C4} = {D44D8DB8-8C2E-4E63-B971-1224831E755B}
		{810F8E5F-B0AB-4A1C-8CA4-AA01E7EEB4E1} = {24D122B3-799B-40E6-8C32-890CCA32683B}
		{E8C1C256-936B-4267-8415-73225C9F692B} = {D44D8DB8-8C2E-4E63-B971-1224831E755B}
		{A293E4A0-3E95-42DC-BF5A-246AA9D6CDD7} = {24D122B3-799B-40E6-8C32-890CCA32683B}
		{BD71B355-A348-43D4-97A0-9514DAEFA0C3} = {24D122B3-799B-40E6-8C32-890CCA32683B}
		{83F5263D-A089-434C-BB5B-7002116D2E63} = {24D122B3-799B-40E6-8C32-890CCA32683B}
	EndGlobalSection
	GlobalSection(ExtensibilityGlobals) = postSolution
		SolutionGuid = {5BE2B73F-5352-4CC1-A198-622423D9BCD7}
	EndGlobalSection
EndGlobal
