
Microsoft Visual Studio Solution File, Format Version 12.00
# Visual Studio 15
VisualStudioVersion = 15.0.27703.2000
MinimumVisualStudioVersion = 10.0.40219.1
Project("{FAE04EC0-301F-11D3-BF4B-00C04F79EFBC}") = "Architectures", "Architectures\Architectures.csproj", "{65DBA1C9-DB1B-4F23-9E1E-CDF91B0B05E2}"
EndProject
Project("{FAE04EC0-301F-11D3-BF4B-00C04F79EFBC}") = "Singleton", "Singleton\Singleton.csproj", "{9A1DC324-E0F4-464E-B892-9C82CFA30244}"
EndProject
Project("{2150E333-8FDC-42A3-9474-1A3956D46DE8}") = "Factory", "Factory", "{D44D8DB8-8C2E-4E63-B971-1224831E755B}"
EndProject
Project("{FAE04EC0-301F-11D3-BF4B-00C04F79EFBC}") = "Pls.Factory.Factory", "Factory\Pls.Factory.Factory\Pls.Factory.Factory.csproj", "{C509DC78-9FAB-401D-958B-79D0ADD525BA}"
EndProject
Project("{FAE04EC0-301F-11D3-BF4B-00C04F79EFBC}") = "Pls.Factory.Contract", "Factory\Pls.Factory.Contract\Pls.Factory.Contract.csproj", "{962C05F6-7C8E-4878-BC6E-D0C63A5F9FE4}"
EndProject
Project("{FAE04EC0-301F-11D3-BF4B-00C04F79EFBC}") = "Pls.Factory.Implementation", "Factory\Pls.Factory.Implementation\Pls.Factory.Implementation.csproj", "{1283908F-8915-462F-9B33-E17FE20B59C4}"
EndProject
Project("{2150E333-8FDC-42A3-9474-1A3956D46DE8}") = "Prototype", "Prototype", "{24D122B3-799B-40E6-8C32-890CCA32683B}"
EndProject
Project("{FAE04EC0-301F-11D3-BF4B-00C04F79EFBC}") = "Pls.Prototype.Demo", "Prototype\Pls.Prototype.Demo\Pls.Prototype.Demo.csproj", "{810F8E5F-B0AB-4A1C-8CA4-AA01E7EEB4E1}"
EndProject
Project("{FAE04EC0-301F-11D3-BF4B-00C04F79EFBC}") = "Pls.Factory.Demo", "Factory\Pls.Factory.Demo\Pls.Factory.Demo.csproj", "{E8C1C256-936B-4267-8415-73225C9F692B}"
EndProject
Project("{FAE04EC0-301F-11D3-BF4B-00C04F79EFBC}") = "Pls.Prototype.Contract", "Prototype\Pls.Prototype.Contract\Pls.Prototype.Contract.csproj", "{A293E4A0-3E95-42DC-BF5A-246AA9D6CDD7}"
EndProject
Project("{FAE04EC0-301F-11D3-BF4B-00C04F79EFBC}") = "Pls.Prototype.Factory", "Prototype\Pls.Prototype.Factory\Pls.Prototype.Factory.csproj", "{BD71B355-A348-43D4-97A0-9514DAEFA0C3}"
EndProject
Project("{FAE04EC0-301F-11D3-BF4B-00C04F79EFBC}") = "Pls.Prototype.Implementation", "Prototype\Pls.Prototype.Implementation\Pls.Prototype.Implementation.csproj", "{83F5263D-A089-434C-BB5B-7002116D2E63}"
EndProject
Project("{2150E333-8FDC-42A3-9474-1A3956D46DE8}") = "Builder", "Builder", "{5C06701F-4399-440A-B050-1191B7E427D1}"
EndProject
Project("{FAE04EC0-301F-11D3-BF4B-00C04F79EFBC}") = "Pls.Builder.Contact", "Builder\Pls.Builder.Contact\Pls.Builder.Contact.csproj", "{8C00377C-C5E3-40E9-86BB-4A318D290AD6}"
EndProject
Project("{FAE04EC0-301F-11D3-BF4B-00C04F79EFBC}") = "Pls.Builder.Demo", "Builder\Pls.Builder.Demo\Pls.Builder.Demo.csproj", "{052FF668-78C0-49B7-9566-5EFF632624F2}"
EndProject
Project("{FAE04EC0-301F-11D3-BF4B-00C04F79EFBC}") = "Pls.Builder.Implementation", "Builder\Pls.Builder.Implementation\Pls.Builder.Implementation.csproj", "{B0DFCFE2-6709-48AA-B011-3AC398C072D2}"
EndProject
Project("{FAE04EC0-301F-11D3-BF4B-00C04F79EFBC}") = "Pls.Builder.Factory", "Builder\Pls.Builder.Factory\Pls.Builder.Factory.csproj", "{EF75942F-B2AE-4C71-A654-E9FEDC16EE2E}"
EndProject
Project("{2150E333-8FDC-42A3-9474-1A3956D46DE8}") = "Constructs", "Constructs", "{BF65DD00-8F65-4C38-8989-E5A7A785943A}"
EndProject
Project("{2150E333-8FDC-42A3-9474-1A3956D46DE8}") = "Structures", "Structures", "{0EF3EBDE-0827-4474-8758-796C2B23F55C}"
	ProjectSection(SolutionItems) = preProject
		Readme.txt = Readme.txt
	EndProjectSection
EndProject
Project("{FAE04EC0-301F-11D3-BF4B-00C04F79EFBC}") = "Pls.Adapter.Implementation", "Adapter\Pls.Adapter.Implementation\Pls.Adapter.Implementation.csproj", "{D2C159C7-DF97-462D-9AA0-8DFE13C91A05}"
EndProject
Project("{FAE04EC0-301F-11D3-BF4B-00C04F79EFBC}") = "Pls.Adapter.Contact", "Adapter\Pls.Adapter.Contact\Pls.Adapter.Contact.csproj", "{DACF89E9-2D68-40D1-AE83-B1E1BD3558B0}"
EndProject
Project("{FAE04EC0-301F-11D3-BF4B-00C04F79EFBC}") = "Pls.Adapter.Demo", "Adapter\Pls.Adapter.Demo\Pls.Adapter.Demo.csproj", "{953032EA-6C50-4E19-9C5D-AB50BB039AE5}"
EndProject
Project("{2150E333-8FDC-42A3-9474-1A3956D46DE8}") = "Adapter", "Adapter", "{618E541F-E28F-4D37-85FB-84F6DCF2C580}"
EndProject
Project("{2150E333-8FDC-42A3-9474-1A3956D46DE8}") = "Bridge", "Bridge", "{BCC26E36-A1E7-441E-B9CB-95C4244F5EA0}"
EndProject
Project("{FAE04EC0-301F-11D3-BF4B-00C04F79EFBC}") = "Pls.Bridge.Demo", "Bridge\Pls.Bridge.Demo\Pls.Bridge.Demo.csproj", "{30F0E501-6C41-4F47-90FE-195E6EC339C8}"
EndProject
Project("{FAE04EC0-301F-11D3-BF4B-00C04F79EFBC}") = "Pls.Bridge.Implement", "Bridge\Pls.Bridge.Implement\Pls.Bridge.Implement.csproj", "{C70AF0B2-A28C-4D90-871E-055C1F930028}"
EndProject
Project("{FAE04EC0-301F-11D3-BF4B-00C04F79EFBC}") = "Pls.Bridge.Contract", "Bridge\Pls.Bridge.Contract\Pls.Bridge.Contract.csproj", "{83FC4B58-C8BD-4AF1-B7A7-7D8685DE0BFC}"
EndProject
Project("{2150E333-8FDC-42A3-9474-1A3956D46DE8}") = "Composite", "Composite", "{2A28D8C5-FB56-4CA2-BAAC-7E79827F211D}"
EndProject
Project("{FAE04EC0-301F-11D3-BF4B-00C04F79EFBC}") = "Pls.Composite.Contract", "Composite\Pls.Composite.Contract\Pls.Composite.Contract.csproj", "{798C91AD-9548-46B9-99AD-8289C0D50A4D}"
EndProject
Project("{FAE04EC0-301F-11D3-BF4B-00C04F79EFBC}") = "Pls.Composite.Demo", "Composite\Pls.Composite.Demo\Pls.Composite.Demo.csproj", "{0EDCE7B4-F1E2-4E3D-9682-7AE08F560947}"
EndProject
Project("{FAE04EC0-301F-11D3-BF4B-00C04F79EFBC}") = "Pls.Composite.Implementation", "Composite\Pls.Composite.Implementation\Pls.Composite.Implementation.csproj", "{8D880F9F-03C3-429F-92EB-841D2D8DD907}"
EndProject
Project("{2150E333-8FDC-42A3-9474-1A3956D46DE8}") = "Decorator", "Decorator", "{4111E95F-BB40-427D-B82E-33E2EBA30CC8}"
EndProject
Project("{FAE04EC0-301F-11D3-BF4B-00C04F79EFBC}") = "Pls.Decorator.Demo", "Decorator\Pls.Decorator.Demo\Pls.Decorator.Demo.csproj", "{1290190F-9E98-49E4-9399-81D87C15116C}"
EndProject
Project("{FAE04EC0-301F-11D3-BF4B-00C04F79EFBC}") = "Pls.Decorator.Contract", "Decorator\Pls.Decorator.Contract\Pls.Decorator.Contract.csproj", "{41BD1544-6E24-473E-918D-C751C4AE4BFC}"
EndProject
Project("{FAE04EC0-301F-11D3-BF4B-00C04F79EFBC}") = "Pls.Decorator.Implementation", "Decorator\Pls.Decorator.Implementation\Pls.Decorator.Implementation.csproj", "{F068FAEE-AC9A-4EF0-B603-4674FEF6E6A7}"
EndProject
Project("{2150E333-8FDC-42A3-9474-1A3956D46DE8}") = "Facade", "Facade", "{990BE9D4-36B5-4B31-A516-DE7DD3A41BCE}"
EndProject
Project("{FAE04EC0-301F-11D3-BF4B-00C04F79EFBC}") = "Pls.Facade.Demo", "Facade\Pls.Facade.Demo\Pls.Facade.Demo.csproj", "{95386D7D-5151-4E15-9D66-2E9E8A692716}"
EndProject
Project("{2150E333-8FDC-42A3-9474-1A3956D46DE8}") = "Proxy", "Proxy", "{50D9FEC2-24E8-422F-A552-283350F9F64D}"
EndProject
Project("{FAE04EC0-301F-11D3-BF4B-00C04F79EFBC}") = "Pls.Proxy.Demo", "Proxy\Pls.Proxy.Demo\Pls.Proxy.Demo.csproj", "{8D780DC1-169D-4B8D-BA44-FE0827A6287F}"
EndProject
Project("{FAE04EC0-301F-11D3-BF4B-00C04F79EFBC}") = "Pls.Proxy.Implementation", "Proxy\Pls.Proxy.Implementation\Pls.Proxy.Implementation.csproj", "{8B7714A0-E874-4456-A46E-41A61E2602FF}"
EndProject
Project("{FAE04EC0-301F-11D3-BF4B-00C04F79EFBC}") = "Pls.Proxy.Contract", "Proxy\Pls.Proxy.Contract\Pls.Proxy.Contract.csproj", "{56C4A0E2-BD30-4D1C-BED9-9202B102B9BC}"
EndProject
Project("{2150E333-8FDC-42A3-9474-1A3956D46DE8}") = "DataStructures", "DataStructures", "{F9452A25-7397-4AAA-9C6F-2102671BA06E}"
EndProject
Project("{2150E333-8FDC-42A3-9474-1A3956D46DE8}") = "FlyWeight", "FlyWeight", "{F71B2BAF-7608-4D40-82F6-F25D89C46A81}"
EndProject
Project("{FAE04EC0-301F-11D3-BF4B-00C04F79EFBC}") = "Pls.FlyWeight.Demo", "FlyWeight\Pls.FlyWeight.Demo\Pls.FlyWeight.Demo.csproj", "{B47DAE4F-3062-4EC4-92B4-9BAB29B6E73A}"
EndProject
Project("{FAE04EC0-301F-11D3-BF4B-00C04F79EFBC}") = "Pls.FlyWeight.Implementation", "FlyWeight\Pls.FlyWeight.Implementation\Pls.FlyWeight.Implementation.csproj", "{9A2FAF2F-22AA-4A32-AD2B-BE5736AD4019}"
EndProject
Project("{2150E333-8FDC-42A3-9474-1A3956D46DE8}") = "Iterator", "Iterator", "{0E5B332D-0859-45EF-B22B-CBE194150A14}"
EndProject
Project("{FAE04EC0-301F-11D3-BF4B-00C04F79EFBC}") = "Pls.Iterator.Demo", "Iterator\Pls.Iterator.Demo\Pls.Iterator.Demo.csproj", "{64441960-707D-4961-B93A-FF66BB3F49DA}"
EndProject
Project("{FAE04EC0-301F-11D3-BF4B-00C04F79EFBC}") = "Pls.Iterator.Implementation", "Iterator\Pls.Iterator.Implementation\Pls.Iterator.Implementation.csproj", "{F41BDC45-CF19-40D1-8E3F-EE775B6AD3C6}"
EndProject
Project("{2150E333-8FDC-42A3-9474-1A3956D46DE8}") = "TemplateMethod", "TemplateMethod", "{4DEC4ADD-94D6-4080-9D7E-E696B164AA6E}"
EndProject
Project("{FAE04EC0-301F-11D3-BF4B-00C04F79EFBC}") = "Pls.TemplateMethod.Demo", "TemplateMethod\Pls.TemplateMethod.Demo\Pls.TemplateMethod.Demo.csproj", "{669364FA-E079-4A18-A332-21ACE52387AA}"
EndProject
Project("{FAE04EC0-301F-11D3-BF4B-00C04F79EFBC}") = "Pls.TemplateMethod.Implementation", "TemplateMethod\Pls.TemplateMethod.Implementation\Pls.TemplateMethod.Implementation.csproj", "{04D2AAD6-CBA3-4026-A235-D136A41373C8}"
EndProject
Global
	GlobalSection(SolutionConfigurationPlatforms) = preSolution
		Debug|Any CPU = Debug|Any CPU
		Release|Any CPU = Release|Any CPU
	EndGlobalSection
	GlobalSection(ProjectConfigurationPlatforms) = postSolution
		{65DBA1C9-DB1B-4F23-9E1E-CDF91B0B05E2}.Debug|Any CPU.ActiveCfg = Debug|Any CPU
		{65DBA1C9-DB1B-4F23-9E1E-CDF91B0B05E2}.Debug|Any CPU.Build.0 = Debug|Any CPU
		{65DBA1C9-DB1B-4F23-9E1E-CDF91B0B05E2}.Release|Any CPU.ActiveCfg = Release|Any CPU
		{65DBA1C9-DB1B-4F23-9E1E-CDF91B0B05E2}.Release|Any CPU.Build.0 = Release|Any CPU
		{9A1DC324-E0F4-464E-B892-9C82CFA30244}.Debug|Any CPU.ActiveCfg = Debug|Any CPU
		{9A1DC324-E0F4-464E-B892-9C82CFA30244}.Debug|Any CPU.Build.0 = Debug|Any CPU
		{9A1DC324-E0F4-464E-B892-9C82CFA30244}.Release|Any CPU.ActiveCfg = Release|Any CPU
		{9A1DC324-E0F4-464E-B892-9C82CFA30244}.Release|Any CPU.Build.0 = Release|Any CPU
		{C509DC78-9FAB-401D-958B-79D0ADD525BA}.Debug|Any CPU.ActiveCfg = Debug|Any CPU
		{C509DC78-9FAB-401D-958B-79D0ADD525BA}.Debug|Any CPU.Build.0 = Debug|Any CPU
		{C509DC78-9FAB-401D-958B-79D0ADD525BA}.Release|Any CPU.ActiveCfg = Release|Any CPU
		{C509DC78-9FAB-401D-958B-79D0ADD525BA}.Release|Any CPU.Build.0 = Release|Any CPU
		{962C05F6-7C8E-4878-BC6E-D0C63A5F9FE4}.Debug|Any CPU.ActiveCfg = Debug|Any CPU
		{962C05F6-7C8E-4878-BC6E-D0C63A5F9FE4}.Debug|Any CPU.Build.0 = Debug|Any CPU
		{962C05F6-7C8E-4878-BC6E-D0C63A5F9FE4}.Release|Any CPU.ActiveCfg = Release|Any CPU
		{962C05F6-7C8E-4878-BC6E-D0C63A5F9FE4}.Release|Any CPU.Build.0 = Release|Any CPU
		{1283908F-8915-462F-9B33-E17FE20B59C4}.Debug|Any CPU.ActiveCfg = Debug|Any CPU
		{1283908F-8915-462F-9B33-E17FE20B59C4}.Debug|Any CPU.Build.0 = Debug|Any CPU
		{1283908F-8915-462F-9B33-E17FE20B59C4}.Release|Any CPU.ActiveCfg = Release|Any CPU
		{1283908F-8915-462F-9B33-E17FE20B59C4}.Release|Any CPU.Build.0 = Release|Any CPU
		{810F8E5F-B0AB-4A1C-8CA4-AA01E7EEB4E1}.Debug|Any CPU.ActiveCfg = Debug|Any CPU
		{810F8E5F-B0AB-4A1C-8CA4-AA01E7EEB4E1}.Debug|Any CPU.Build.0 = Debug|Any CPU
		{810F8E5F-B0AB-4A1C-8CA4-AA01E7EEB4E1}.Release|Any CPU.ActiveCfg = Release|Any CPU
		{810F8E5F-B0AB-4A1C-8CA4-AA01E7EEB4E1}.Release|Any CPU.Build.0 = Release|Any CPU
		{E8C1C256-936B-4267-8415-73225C9F692B}.Debug|Any CPU.ActiveCfg = Debug|Any CPU
		{E8C1C256-936B-4267-8415-73225C9F692B}.Debug|Any CPU.Build.0 = Debug|Any CPU
		{E8C1C256-936B-4267-8415-73225C9F692B}.Release|Any CPU.ActiveCfg = Release|Any CPU
		{E8C1C256-936B-4267-8415-73225C9F692B}.Release|Any CPU.Build.0 = Release|Any CPU
		{A293E4A0-3E95-42DC-BF5A-246AA9D6CDD7}.Debug|Any CPU.ActiveCfg = Debug|Any CPU
		{A293E4A0-3E95-42DC-BF5A-246AA9D6CDD7}.Debug|Any CPU.Build.0 = Debug|Any CPU
		{A293E4A0-3E95-42DC-BF5A-246AA9D6CDD7}.Release|Any CPU.ActiveCfg = Release|Any CPU
		{A293E4A0-3E95-42DC-BF5A-246AA9D6CDD7}.Release|Any CPU.Build.0 = Release|Any CPU
		{BD71B355-A348-43D4-97A0-9514DAEFA0C3}.Debug|Any CPU.ActiveCfg = Debug|Any CPU
		{BD71B355-A348-43D4-97A0-9514DAEFA0C3}.Debug|Any CPU.Build.0 = Debug|Any CPU
		{BD71B355-A348-43D4-97A0-9514DAEFA0C3}.Release|Any CPU.ActiveCfg = Release|Any CPU
		{BD71B355-A348-43D4-97A0-9514DAEFA0C3}.Release|Any CPU.Build.0 = Release|Any CPU
		{83F5263D-A089-434C-BB5B-7002116D2E63}.Debug|Any CPU.ActiveCfg = Debug|Any CPU
		{83F5263D-A089-434C-BB5B-7002116D2E63}.Debug|Any CPU.Build.0 = Debug|Any CPU
		{83F5263D-A089-434C-BB5B-7002116D2E63}.Release|Any CPU.ActiveCfg = Release|Any CPU
		{83F5263D-A089-434C-BB5B-7002116D2E63}.Release|Any CPU.Build.0 = Release|Any CPU
		{8C00377C-C5E3-40E9-86BB-4A318D290AD6}.Debug|Any CPU.ActiveCfg = Debug|Any CPU
		{8C00377C-C5E3-40E9-86BB-4A318D290AD6}.Debug|Any CPU.Build.0 = Debug|Any CPU
		{8C00377C-C5E3-40E9-86BB-4A318D290AD6}.Release|Any CPU.ActiveCfg = Release|Any CPU
		{8C00377C-C5E3-40E9-86BB-4A318D290AD6}.Release|Any CPU.Build.0 = Release|Any CPU
		{052FF668-78C0-49B7-9566-5EFF632624F2}.Debug|Any CPU.ActiveCfg = Debug|Any CPU
		{052FF668-78C0-49B7-9566-5EFF632624F2}.Debug|Any CPU.Build.0 = Debug|Any CPU
		{052FF668-78C0-49B7-9566-5EFF632624F2}.Release|Any CPU.ActiveCfg = Release|Any CPU
		{052FF668-78C0-49B7-9566-5EFF632624F2}.Release|Any CPU.Build.0 = Release|Any CPU
		{B0DFCFE2-6709-48AA-B011-3AC398C072D2}.Debug|Any CPU.ActiveCfg = Debug|Any CPU
		{B0DFCFE2-6709-48AA-B011-3AC398C072D2}.Debug|Any CPU.Build.0 = Debug|Any CPU
		{B0DFCFE2-6709-48AA-B011-3AC398C072D2}.Release|Any CPU.ActiveCfg = Release|Any CPU
		{B0DFCFE2-6709-48AA-B011-3AC398C072D2}.Release|Any CPU.Build.0 = Release|Any CPU
		{EF75942F-B2AE-4C71-A654-E9FEDC16EE2E}.Debug|Any CPU.ActiveCfg = Debug|Any CPU
		{EF75942F-B2AE-4C71-A654-E9FEDC16EE2E}.Debug|Any CPU.Build.0 = Debug|Any CPU
		{EF75942F-B2AE-4C71-A654-E9FEDC16EE2E}.Release|Any CPU.ActiveCfg = Release|Any CPU
		{EF75942F-B2AE-4C71-A654-E9FEDC16EE2E}.Release|Any CPU.Build.0 = Release|Any CPU
		{D2C159C7-DF97-462D-9AA0-8DFE13C91A05}.Debug|Any CPU.ActiveCfg = Debug|Any CPU
		{D2C159C7-DF97-462D-9AA0-8DFE13C91A05}.Debug|Any CPU.Build.0 = Debug|Any CPU
		{D2C159C7-DF97-462D-9AA0-8DFE13C91A05}.Release|Any CPU.ActiveCfg = Release|Any CPU
		{D2C159C7-DF97-462D-9AA0-8DFE13C91A05}.Release|Any CPU.Build.0 = Release|Any CPU
		{DACF89E9-2D68-40D1-AE83-B1E1BD3558B0}.Debug|Any CPU.ActiveCfg = Debug|Any CPU
		{DACF89E9-2D68-40D1-AE83-B1E1BD3558B0}.Debug|Any CPU.Build.0 = Debug|Any CPU
		{DACF89E9-2D68-40D1-AE83-B1E1BD3558B0}.Release|Any CPU.ActiveCfg = Release|Any CPU
		{DACF89E9-2D68-40D1-AE83-B1E1BD3558B0}.Release|Any CPU.Build.0 = Release|Any CPU
		{953032EA-6C50-4E19-9C5D-AB50BB039AE5}.Debug|Any CPU.ActiveCfg = Debug|Any CPU
		{953032EA-6C50-4E19-9C5D-AB50BB039AE5}.Debug|Any CPU.Build.0 = Debug|Any CPU
		{953032EA-6C50-4E19-9C5D-AB50BB039AE5}.Release|Any CPU.ActiveCfg = Release|Any CPU
		{953032EA-6C50-4E19-9C5D-AB50BB039AE5}.Release|Any CPU.Build.0 = Release|Any CPU
		{30F0E501-6C41-4F47-90FE-195E6EC339C8}.Debug|Any CPU.ActiveCfg = Debug|Any CPU
		{30F0E501-6C41-4F47-90FE-195E6EC339C8}.Debug|Any CPU.Build.0 = Debug|Any CPU
		{30F0E501-6C41-4F47-90FE-195E6EC339C8}.Release|Any CPU.ActiveCfg = Release|Any CPU
		{30F0E501-6C41-4F47-90FE-195E6EC339C8}.Release|Any CPU.Build.0 = Release|Any CPU
		{C70AF0B2-A28C-4D90-871E-055C1F930028}.Debug|Any CPU.ActiveCfg = Debug|Any CPU
		{C70AF0B2-A28C-4D90-871E-055C1F930028}.Debug|Any CPU.Build.0 = Debug|Any CPU
		{C70AF0B2-A28C-4D90-871E-055C1F930028}.Release|Any CPU.ActiveCfg = Release|Any CPU
		{C70AF0B2-A28C-4D90-871E-055C1F930028}.Release|Any CPU.Build.0 = Release|Any CPU
		{83FC4B58-C8BD-4AF1-B7A7-7D8685DE0BFC}.Debug|Any CPU.ActiveCfg = Debug|Any CPU
		{83FC4B58-C8BD-4AF1-B7A7-7D8685DE0BFC}.Debug|Any CPU.Build.0 = Debug|Any CPU
		{83FC4B58-C8BD-4AF1-B7A7-7D8685DE0BFC}.Release|Any CPU.ActiveCfg = Release|Any CPU
		{83FC4B58-C8BD-4AF1-B7A7-7D8685DE0BFC}.Release|Any CPU.Build.0 = Release|Any CPU
		{798C91AD-9548-46B9-99AD-8289C0D50A4D}.Debug|Any CPU.ActiveCfg = Debug|Any CPU
		{798C91AD-9548-46B9-99AD-8289C0D50A4D}.Debug|Any CPU.Build.0 = Debug|Any CPU
		{798C91AD-9548-46B9-99AD-8289C0D50A4D}.Release|Any CPU.ActiveCfg = Release|Any CPU
		{798C91AD-9548-46B9-99AD-8289C0D50A4D}.Release|Any CPU.Build.0 = Release|Any CPU
		{0EDCE7B4-F1E2-4E3D-9682-7AE08F560947}.Debug|Any CPU.ActiveCfg = Debug|Any CPU
		{0EDCE7B4-F1E2-4E3D-9682-7AE08F560947}.Debug|Any CPU.Build.0 = Debug|Any CPU
		{0EDCE7B4-F1E2-4E3D-9682-7AE08F560947}.Release|Any CPU.ActiveCfg = Release|Any CPU
		{0EDCE7B4-F1E2-4E3D-9682-7AE08F560947}.Release|Any CPU.Build.0 = Release|Any CPU
		{8D880F9F-03C3-429F-92EB-841D2D8DD907}.Debug|Any CPU.ActiveCfg = Debug|Any CPU
		{8D880F9F-03C3-429F-92EB-841D2D8DD907}.Debug|Any CPU.Build.0 = Debug|Any CPU
		{8D880F9F-03C3-429F-92EB-841D2D8DD907}.Release|Any CPU.ActiveCfg = Release|Any CPU
		{8D880F9F-03C3-429F-92EB-841D2D8DD907}.Release|Any CPU.Build.0 = Release|Any CPU
		{1290190F-9E98-49E4-9399-81D87C15116C}.Debug|Any CPU.ActiveCfg = Debug|Any CPU
		{1290190F-9E98-49E4-9399-81D87C15116C}.Debug|Any CPU.Build.0 = Debug|Any CPU
		{1290190F-9E98-49E4-9399-81D87C15116C}.Release|Any CPU.ActiveCfg = Release|Any CPU
		{1290190F-9E98-49E4-9399-81D87C15116C}.Release|Any CPU.Build.0 = Release|Any CPU
		{41BD1544-6E24-473E-918D-C751C4AE4BFC}.Debug|Any CPU.ActiveCfg = Debug|Any CPU
		{41BD1544-6E24-473E-918D-C751C4AE4BFC}.Debug|Any CPU.Build.0 = Debug|Any CPU
		{41BD1544-6E24-473E-918D-C751C4AE4BFC}.Release|Any CPU.ActiveCfg = Release|Any CPU
		{41BD1544-6E24-473E-918D-C751C4AE4BFC}.Release|Any CPU.Build.0 = Release|Any CPU
		{F068FAEE-AC9A-4EF0-B603-4674FEF6E6A7}.Debug|Any CPU.ActiveCfg = Debug|Any CPU
		{F068FAEE-AC9A-4EF0-B603-4674FEF6E6A7}.Debug|Any CPU.Build.0 = Debug|Any CPU
		{F068FAEE-AC9A-4EF0-B603-4674FEF6E6A7}.Release|Any CPU.ActiveCfg = Release|Any CPU
		{F068FAEE-AC9A-4EF0-B603-4674FEF6E6A7}.Release|Any CPU.Build.0 = Release|Any CPU
		{95386D7D-5151-4E15-9D66-2E9E8A692716}.Debug|Any CPU.ActiveCfg = Debug|Any CPU
		{95386D7D-5151-4E15-9D66-2E9E8A692716}.Debug|Any CPU.Build.0 = Debug|Any CPU
		{95386D7D-5151-4E15-9D66-2E9E8A692716}.Release|Any CPU.ActiveCfg = Release|Any CPU
		{95386D7D-5151-4E15-9D66-2E9E8A692716}.Release|Any CPU.Build.0 = Release|Any CPU
		{8D780DC1-169D-4B8D-BA44-FE0827A6287F}.Debug|Any CPU.ActiveCfg = Debug|Any CPU
		{8D780DC1-169D-4B8D-BA44-FE0827A6287F}.Debug|Any CPU.Build.0 = Debug|Any CPU
		{8D780DC1-169D-4B8D-BA44-FE0827A6287F}.Release|Any CPU.ActiveCfg = Release|Any CPU
		{8D780DC1-169D-4B8D-BA44-FE0827A6287F}.Release|Any CPU.Build.0 = Release|Any CPU
		{8B7714A0-E874-4456-A46E-41A61E2602FF}.Debug|Any CPU.ActiveCfg = Debug|Any CPU
		{8B7714A0-E874-4456-A46E-41A61E2602FF}.Debug|Any CPU.Build.0 = Debug|Any CPU
		{8B7714A0-E874-4456-A46E-41A61E2602FF}.Release|Any CPU.ActiveCfg = Release|Any CPU
		{8B7714A0-E874-4456-A46E-41A61E2602FF}.Release|Any CPU.Build.0 = Release|Any CPU
		{56C4A0E2-BD30-4D1C-BED9-9202B102B9BC}.Debug|Any CPU.ActiveCfg = Debug|Any CPU
		{56C4A0E2-BD30-4D1C-BED9-9202B102B9BC}.Debug|Any CPU.Build.0 = Debug|Any CPU
		{56C4A0E2-BD30-4D1C-BED9-9202B102B9BC}.Release|Any CPU.ActiveCfg = Release|Any CPU
		{56C4A0E2-BD30-4D1C-BED9-9202B102B9BC}.Release|Any CPU.Build.0 = Release|Any CPU
		{B47DAE4F-3062-4EC4-92B4-9BAB29B6E73A}.Debug|Any CPU.ActiveCfg = Debug|Any CPU
		{B47DAE4F-3062-4EC4-92B4-9BAB29B6E73A}.Debug|Any CPU.Build.0 = Debug|Any CPU
		{B47DAE4F-3062-4EC4-92B4-9BAB29B6E73A}.Release|Any CPU.ActiveCfg = Release|Any CPU
		{B47DAE4F-3062-4EC4-92B4-9BAB29B6E73A}.Release|Any CPU.Build.0 = Release|Any CPU
		{9A2FAF2F-22AA-4A32-AD2B-BE5736AD4019}.Debug|Any CPU.ActiveCfg = Debug|Any CPU
		{9A2FAF2F-22AA-4A32-AD2B-BE5736AD4019}.Debug|Any CPU.Build.0 = Debug|Any CPU
		{9A2FAF2F-22AA-4A32-AD2B-BE5736AD4019}.Release|Any CPU.ActiveCfg = Release|Any CPU
		{9A2FAF2F-22AA-4A32-AD2B-BE5736AD4019}.Release|Any CPU.Build.0 = Release|Any CPU
		{64441960-707D-4961-B93A-FF66BB3F49DA}.Debug|Any CPU.ActiveCfg = Debug|Any CPU
		{64441960-707D-4961-B93A-FF66BB3F49DA}.Debug|Any CPU.Build.0 = Debug|Any CPU
		{64441960-707D-4961-B93A-FF66BB3F49DA}.Release|Any CPU.ActiveCfg = Release|Any CPU
		{64441960-707D-4961-B93A-FF66BB3F49DA}.Release|Any CPU.Build.0 = Release|Any CPU
		{F41BDC45-CF19-40D1-8E3F-EE775B6AD3C6}.Debug|Any CPU.ActiveCfg = Debug|Any CPU
		{F41BDC45-CF19-40D1-8E3F-EE775B6AD3C6}.Debug|Any CPU.Build.0 = Debug|Any CPU
		{F41BDC45-CF19-40D1-8E3F-EE775B6AD3C6}.Release|Any CPU.ActiveCfg = Release|Any CPU
		{F41BDC45-CF19-40D1-8E3F-EE775B6AD3C6}.Release|Any CPU.Build.0 = Release|Any CPU
		{669364FA-E079-4A18-A332-21ACE52387AA}.Debug|Any CPU.ActiveCfg = Debug|Any CPU
		{669364FA-E079-4A18-A332-21ACE52387AA}.Debug|Any CPU.Build.0 = Debug|Any CPU
		{669364FA-E079-4A18-A332-21ACE52387AA}.Release|Any CPU.ActiveCfg = Release|Any CPU
		{669364FA-E079-4A18-A332-21ACE52387AA}.Release|Any CPU.Build.0 = Release|Any CPU
		{04D2AAD6-CBA3-4026-A235-D136A41373C8}.Debug|Any CPU.ActiveCfg = Debug|Any CPU
		{04D2AAD6-CBA3-4026-A235-D136A41373C8}.Debug|Any CPU.Build.0 = Debug|Any CPU
		{04D2AAD6-CBA3-4026-A235-D136A41373C8}.Release|Any CPU.ActiveCfg = Release|Any CPU
		{04D2AAD6-CBA3-4026-A235-D136A41373C8}.Release|Any CPU.Build.0 = Release|Any CPU
	EndGlobalSection
	GlobalSection(SolutionProperties) = preSolution
		HideSolutionNode = FALSE
	EndGlobalSection
	GlobalSection(NestedProjects) = preSolution
		{9A1DC324-E0F4-464E-B892-9C82CFA30244} = {BF65DD00-8F65-4C38-8989-E5A7A785943A}
		{D44D8DB8-8C2E-4E63-B971-1224831E755B} = {BF65DD00-8F65-4C38-8989-E5A7A785943A}
		{C509DC78-9FAB-401D-958B-79D0ADD525BA} = {D44D8DB8-8C2E-4E63-B971-1224831E755B}
		{962C05F6-7C8E-4878-BC6E-D0C63A5F9FE4} = {D44D8DB8-8C2E-4E63-B971-1224831E755B}
		{1283908F-8915-462F-9B33-E17FE20B59C4} = {D44D8DB8-8C2E-4E63-B971-1224831E755B}
		{24D122B3-799B-40E6-8C32-890CCA32683B} = {BF65DD00-8F65-4C38-8989-E5A7A785943A}
		{810F8E5F-B0AB-4A1C-8CA4-AA01E7EEB4E1} = {24D122B3-799B-40E6-8C32-890CCA32683B}
		{E8C1C256-936B-4267-8415-73225C9F692B} = {D44D8DB8-8C2E-4E63-B971-1224831E755B}
		{A293E4A0-3E95-42DC-BF5A-246AA9D6CDD7} = {24D122B3-799B-40E6-8C32-890CCA32683B}
		{BD71B355-A348-43D4-97A0-9514DAEFA0C3} = {24D122B3-799B-40E6-8C32-890CCA32683B}
		{83F5263D-A089-434C-BB5B-7002116D2E63} = {24D122B3-799B-40E6-8C32-890CCA32683B}
		{5C06701F-4399-440A-B050-1191B7E427D1} = {BF65DD00-8F65-4C38-8989-E5A7A785943A}
		{8C00377C-C5E3-40E9-86BB-4A318D290AD6} = {5C06701F-4399-440A-B050-1191B7E427D1}
		{052FF668-78C0-49B7-9566-5EFF632624F2} = {5C06701F-4399-440A-B050-1191B7E427D1}
		{B0DFCFE2-6709-48AA-B011-3AC398C072D2} = {5C06701F-4399-440A-B050-1191B7E427D1}
		{EF75942F-B2AE-4C71-A654-E9FEDC16EE2E} = {5C06701F-4399-440A-B050-1191B7E427D1}
		{D2C159C7-DF97-462D-9AA0-8DFE13C91A05} = {618E541F-E28F-4D37-85FB-84F6DCF2C580}
		{DACF89E9-2D68-40D1-AE83-B1E1BD3558B0} = {618E541F-E28F-4D37-85FB-84F6DCF2C580}
		{953032EA-6C50-4E19-9C5D-AB50BB039AE5} = {618E541F-E28F-4D37-85FB-84F6DCF2C580}
		{618E541F-E28F-4D37-85FB-84F6DCF2C580} = {0EF3EBDE-0827-4474-8758-796C2B23F55C}
		{BCC26E36-A1E7-441E-B9CB-95C4244F5EA0} = {0EF3EBDE-0827-4474-8758-796C2B23F55C}
		{30F0E501-6C41-4F47-90FE-195E6EC339C8} = {BCC26E36-A1E7-441E-B9CB-95C4244F5EA0}
		{C70AF0B2-A28C-4D90-871E-055C1F930028} = {BCC26E36-A1E7-441E-B9CB-95C4244F5EA0}
		{83FC4B58-C8BD-4AF1-B7A7-7D8685DE0BFC} = {BCC26E36-A1E7-441E-B9CB-95C4244F5EA0}
		{2A28D8C5-FB56-4CA2-BAAC-7E79827F211D} = {F9452A25-7397-4AAA-9C6F-2102671BA06E}
		{798C91AD-9548-46B9-99AD-8289C0D50A4D} = {2A28D8C5-FB56-4CA2-BAAC-7E79827F211D}
		{0EDCE7B4-F1E2-4E3D-9682-7AE08F560947} = {2A28D8C5-FB56-4CA2-BAAC-7E79827F211D}
		{8D880F9F-03C3-429F-92EB-841D2D8DD907} = {2A28D8C5-FB56-4CA2-BAAC-7E79827F211D}
		{4111E95F-BB40-427D-B82E-33E2EBA30CC8} = {0EF3EBDE-0827-4474-8758-796C2B23F55C}
		{1290190F-9E98-49E4-9399-81D87C15116C} = {4111E95F-BB40-427D-B82E-33E2EBA30CC8}
		{41BD1544-6E24-473E-918D-C751C4AE4BFC} = {4111E95F-BB40-427D-B82E-33E2EBA30CC8}
		{F068FAEE-AC9A-4EF0-B603-4674FEF6E6A7} = {4111E95F-BB40-427D-B82E-33E2EBA30CC8}
		{990BE9D4-36B5-4B31-A516-DE7DD3A41BCE} = {0EF3EBDE-0827-4474-8758-796C2B23F55C}
		{95386D7D-5151-4E15-9D66-2E9E8A692716} = {990BE9D4-36B5-4B31-A516-DE7DD3A41BCE}
		{50D9FEC2-24E8-422F-A552-283350F9F64D} = {0EF3EBDE-0827-4474-8758-796C2B23F55C}
		{8D780DC1-169D-4B8D-BA44-FE0827A6287F} = {50D9FEC2-24E8-422F-A552-283350F9F64D}
		{8B7714A0-E874-4456-A46E-41A61E2602FF} = {50D9FEC2-24E8-422F-A552-283350F9F64D}
		{56C4A0E2-BD30-4D1C-BED9-9202B102B9BC} = {50D9FEC2-24E8-422F-A552-283350F9F64D}
		{F71B2BAF-7608-4D40-82F6-F25D89C46A81} = {F9452A25-7397-4AAA-9C6F-2102671BA06E}
		{B47DAE4F-3062-4EC4-92B4-9BAB29B6E73A} = {F71B2BAF-7608-4D40-82F6-F25D89C46A81}
		{9A2FAF2F-22AA-4A32-AD2B-BE5736AD4019} = {F71B2BAF-7608-4D40-82F6-F25D89C46A81}
		{0E5B332D-0859-45EF-B22B-CBE194150A14} = {F9452A25-7397-4AAA-9C6F-2102671BA06E}
		{64441960-707D-4961-B93A-FF66BB3F49DA} = {0E5B332D-0859-45EF-B22B-CBE194150A14}
		{F41BDC45-CF19-40D1-8E3F-EE775B6AD3C6} = {0E5B332D-0859-45EF-B22B-CBE194150A14}
		{4DEC4ADD-94D6-4080-9D7E-E696B164AA6E} = {F9452A25-7397-4AAA-9C6F-2102671BA06E}
		{669364FA-E079-4A18-A332-21ACE52387AA} = {4DEC4ADD-94D6-4080-9D7E-E696B164AA6E}
		{04D2AAD6-CBA3-4026-A235-D136A41373C8} = {4DEC4ADD-94D6-4080-9D7E-E696B164AA6E}
	EndGlobalSection
	GlobalSection(ExtensibilityGlobals) = postSolution
		SolutionGuid = {5BE2B73F-5352-4CC1-A198-622423D9BCD7}
	EndGlobalSection
EndGlobal
