
Microsoft Visual Studio Solution File, Format Version 12.00
# Visual Studio 15
VisualStudioVersion = 15.0.27703.2042
MinimumVisualStudioVersion = 10.0.40219.1
Project("{FAE04EC0-301F-11D3-BF4B-00C04F79EFBC}") = "Pls.Memory.Demo", "Pls.Memory.Demo\Pls.Memory.Demo.csproj", "{3707E32C-1A69-4D02-937C-FE14D338CCB7}"
EndProject
Project("{FAE04EC0-301F-11D3-BF4B-00C04F79EFBC}") = "Pls.Pointer.Demo", "Pls.Pointer.Demo\Pls.Pointer.Demo.csproj", "{455876FD-91B3-4C98-8C1A-1FC1AB662EC0}"
EndProject
Global
	GlobalSection(SolutionConfigurationPlatforms) = preSolution
		Debug|Any CPU = Debug|Any CPU
		Release|Any CPU = Release|Any CPU
	EndGlobalSection
	GlobalSection(ProjectConfigurationPlatforms) = postSolution
		{3707E32C-1A69-4D02-937C-FE14D338CCB7}.Debug|Any CPU.ActiveCfg = Debug|Any CPU
		{3707E32C-1A69-4D02-937C-FE14D338CCB7}.Debug|Any CPU.Build.0 = Debug|Any CPU
		{3707E32C-1A69-4D02-937C-FE14D338CCB7}.Release|Any CPU.ActiveCfg = Release|Any CPU
		{3707E32C-1A69-4D02-937C-FE14D338CCB7}.Release|Any CPU.Build.0 = Release|Any CPU
		{455876FD-91B3-4C98-8C1A-1FC1AB662EC0}.Debug|Any CPU.ActiveCfg = Debug|Any CPU
		{455876FD-91B3-4C98-8C1A-1FC1AB662EC0}.Debug|Any CPU.Build.0 = Debug|Any CPU
		{455876FD-91B3-4C98-8C1A-1FC1AB662EC0}.Release|Any CPU.ActiveCfg = Release|Any CPU
		{455876FD-91B3-4C98-8C1A-1FC1AB662EC0}.Release|Any CPU.Build.0 = Release|Any CPU
	EndGlobalSection
	GlobalSection(SolutionProperties) = preSolution
		HideSolutionNode = FALSE
	EndGlobalSection
	GlobalSection(ExtensibilityGlobals) = postSolution
		SolutionGuid = {3296A47E-74E9-4B5B-99E3-724A23BC95D8}
	EndGlobalSection
EndGlobal
